// !$*UTF8*$!
{
	archiveVersion = 1;
	classes = {
	};
	objectVersion = 46;
	objects = {

/* Begin PBXBuildFile section */
		5B6BF0EF1E97371300FAD697 /* main.m in Sources */ = {isa = PBXBuildFile; fileRef = 5B6BF0EE1E97371300FAD697 /* main.m */; };
		5B6BF0F21E97371300FAD697 /* AppDelegate.m in Sources */ = {isa = PBXBuildFile; fileRef = 5B6BF0F11E97371300FAD697 /* AppDelegate.m */; };
		5B6BF0F51E97371300FAD697 /* ViewController.m in Sources */ = {isa = PBXBuildFile; fileRef = 5B6BF0F41E97371300FAD697 /* ViewController.m */; };
		5B6BF0F81E97371300FAD697 /* Main.storyboard in Resources */ = {isa = PBXBuildFile; fileRef = 5B6BF0F61E97371300FAD697 /* Main.storyboard */; };
		5B6BF0FA1E97371300FAD697 /* Assets.xcassets in Resources */ = {isa = PBXBuildFile; fileRef = 5B6BF0F91E97371300FAD697 /* Assets.xcassets */; };
		5B6BF0FD1E97371300FAD697 /* LaunchScreen.storyboard in Resources */ = {isa = PBXBuildFile; fileRef = 5B6BF0FB1E97371300FAD697 /* LaunchScreen.storyboard */; };
		5B6BF10B1E97379E00FAD697 /* Dog.m in Sources */ = {isa = PBXBuildFile; fileRef = 5B6BF1081E97379E00FAD697 /* Dog.m */; };
		5B6BF10C1E97379E00FAD697 /* Person.m in Sources */ = {isa = PBXBuildFile; fileRef = 5B6BF10A1E97379E00FAD697 /* Person.m */; };
		5B6BF10D1E973AEC00FAD697 /* Realm.framework in Frameworks */ = {isa = PBXBuildFile; fileRef = 5B6BF1051E97375000FAD697 /* Realm.framework */; };
		5B6BF10E1E973AEC00FAD697 /* Realm.framework in Embed Frameworks */ = {isa = PBXBuildFile; fileRef = 5B6BF1051E97375000FAD697 /* Realm.framework */; settings = {ATTRIBUTES = (CodeSignOnCopy, RemoveHeadersOnCopy, ); }; };
		5B6BF1121E9765EF00FAD697 /* KKBaseObject.m in Sources */ = {isa = PBXBuildFile; fileRef = 5B6BF1111E9765EF00FAD697 /* KKBaseObject.m */; };
/* End PBXBuildFile section */

/* Begin PBXCopyFilesBuildPhase section */
		5B6BF10F1E973AEC00FAD697 /* Embed Frameworks */ = {
			isa = PBXCopyFilesBuildPhase;
			buildActionMask = 2147483647;
			dstPath = "";
			dstSubfolderSpec = 10;
			files = (
				5B6BF10E1E973AEC00FAD697 /* Realm.framework in Embed Frameworks */,
			);
			name = "Embed Frameworks";
			runOnlyForDeploymentPostprocessing = 0;
		};
/* End PBXCopyFilesBuildPhase section */

/* Begin PBXFileReference section */
		5B6BF0EA1E97371300FAD697 /* RealmNew.app */ = {isa = PBXFileReference; explicitFileType = wrapper.application; includeInIndex = 0; path = RealmNew.app; sourceTree = BUILT_PRODUCTS_DIR; };
		5B6BF0EE1E97371300FAD697 /* main.m */ = {isa = PBXFileReference; lastKnownFileType = sourcecode.c.objc; path = main.m; sourceTree = "<group>"; };
		5B6BF0F01E97371300FAD697 /* AppDelegate.h */ = {isa = PBXFileReference; lastKnownFileType = sourcecode.c.h; path = AppDelegate.h; sourceTree = "<group>"; };
		5B6BF0F11E97371300FAD697 /* AppDelegate.m */ = {isa = PBXFileReference; lastKnownFileType = sourcecode.c.objc; path = AppDelegate.m; sourceTree = "<group>"; };
		5B6BF0F31E97371300FAD697 /* ViewController.h */ = {isa = PBXFileReference; lastKnownFileType = sourcecode.c.h; path = ViewController.h; sourceTree = "<group>"; };
		5B6BF0F41E97371300FAD697 /* ViewController.m */ = {isa = PBXFileReference; lastKnownFileType = sourcecode.c.objc; path = ViewController.m; sourceTree = "<group>"; };
		5B6BF0F71E97371300FAD697 /* Base */ = {isa = PBXFileReference; lastKnownFileType = file.storyboard; name = Base; path = Base.lproj/Main.storyboard; sourceTree = "<group>"; };
		5B6BF0F91E97371300FAD697 /* Assets.xcassets */ = {isa = PBXFileReference; lastKnownFileType = folder.assetcatalog; path = Assets.xcassets; sourceTree = "<group>"; };
		5B6BF0FC1E97371300FAD697 /* Base */ = {isa = PBXFileReference; lastKnownFileType = file.storyboard; name = Base; path = Base.lproj/LaunchScreen.storyboard; sourceTree = "<group>"; };
		5B6BF0FE1E97371300FAD697 /* Info.plist */ = {isa = PBXFileReference; lastKnownFileType = text.plist.xml; path = Info.plist; sourceTree = "<group>"; };
		5B6BF1051E97375000FAD697 /* Realm.framework */ = {isa = PBXFileReference; lastKnownFileType = wrapper.framework; path = Realm.framework; sourceTree = "<group>"; };
		5B6BF1071E97379E00FAD697 /* Dog.h */ = {isa = PBXFileReference; fileEncoding = 4; lastKnownFileType = sourcecode.c.h; path = Dog.h; sourceTree = "<group>"; };
		5B6BF1081E97379E00FAD697 /* Dog.m */ = {isa = PBXFileReference; fileEncoding = 4; lastKnownFileType = sourcecode.c.objc; path = Dog.m; sourceTree = "<group>"; };
		5B6BF1091E97379E00FAD697 /* Person.h */ = {isa = PBXFileReference; fileEncoding = 4; lastKnownFileType = sourcecode.c.h; path = Person.h; sourceTree = "<group>"; };
		5B6BF10A1E97379E00FAD697 /* Person.m */ = {isa = PBXFileReference; fileEncoding = 4; lastKnownFileType = sourcecode.c.objc; path = Person.m; sourceTree = "<group>"; };
		5B6BF1101E9765EF00FAD697 /* KKBaseObject.h */ = {isa = PBXFileReference; fileEncoding = 4; lastKnownFileType = sourcecode.c.h; path = KKBaseObject.h; sourceTree = "<group>"; };
		5B6BF1111E9765EF00FAD697 /* KKBaseObject.m */ = {isa = PBXFileReference; fileEncoding = 4; lastKnownFileType = sourcecode.c.objc; path = KKBaseObject.m; sourceTree = "<group>"; };
/* End PBXFileReference section */

/* Begin PBXFrameworksBuildPhase section */
		5B6BF0E71E97371300FAD697 /* Frameworks */ = {
			isa = PBXFrameworksBuildPhase;
			buildActionMask = 2147483647;
			files = (
				5B6BF10D1E973AEC00FAD697 /* Realm.framework in Frameworks */,
			);
			runOnlyForDeploymentPostprocessing = 0;
		};
/* End PBXFrameworksBuildPhase section */

/* Begin PBXGroup section */
		5B6BF0E11E97371300FAD697 = {
			isa = PBXGroup;
			children = (
				5B6BF0EC1E97371300FAD697 /* RealmNew */,
				5B6BF0EB1E97371300FAD697 /* Products */,
			);
			sourceTree = "<group>";
		};
		5B6BF0EB1E97371300FAD697 /* Products */ = {
			isa = PBXGroup;
			children = (
				5B6BF0EA1E97371300FAD697 /* RealmNew.app */,
			);
			name = Products;
			sourceTree = "<group>";
		};
		5B6BF0EC1E97371300FAD697 /* RealmNew */ = {
			isa = PBXGroup;
			children = (
				5B6BF1071E97379E00FAD697 /* Dog.h */,
				5B6BF1081E97379E00FAD697 /* Dog.m */,
				5B6BF1091E97379E00FAD697 /* Person.h */,
				5B6BF10A1E97379E00FAD697 /* Person.m */,
				5B6BF1101E9765EF00FAD697 /* KKBaseObject.h */,
				5B6BF1111E9765EF00FAD697 /* KKBaseObject.m */,
				5B6BF1041E97375000FAD697 /* dynamic */,
				5B6BF0F01E97371300FAD697 /* AppDelegate.h */,
				5B6BF0F11E97371300FAD697 /* AppDelegate.m */,
				5B6BF0F31E97371300FAD697 /* ViewController.h */,
				5B6BF0F41E97371300FAD697 /* ViewController.m */,
				5B6BF0F61E97371300FAD697 /* Main.storyboard */,
				5B6BF0F91E97371300FAD697 /* Assets.xcassets */,
				5B6BF0FB1E97371300FAD697 /* LaunchScreen.storyboard */,
				5B6BF0FE1E97371300FAD697 /* Info.plist */,
				5B6BF0ED1E97371300FAD697 /* Supporting Files */,
			);
			path = RealmNew;
			sourceTree = "<group>";
		};
		5B6BF0ED1E97371300FAD697 /* Supporting Files */ = {
			isa = PBXGroup;
			children = (
				5B6BF0EE1E97371300FAD697 /* main.m */,
			);
			name = "Supporting Files";
			sourceTree = "<group>";
		};
		5B6BF1041E97375000FAD697 /* dynamic */ = {
			isa = PBXGroup;
			children = (
				5B6BF1051E97375000FAD697 /* Realm.framework */,
			);
			path = dynamic;
			sourceTree = "<group>";
		};
/* End PBXGroup section */

/* Begin PBXNativeTarget section */
		5B6BF0E91E97371300FAD697 /* RealmNew */ = {
			isa = PBXNativeTarget;
			buildConfigurationList = 5B6BF1011E97371300FAD697 /* Build configuration list for PBXNativeTarget "RealmNew" */;
			buildPhases = (
				5B6BF0E61E97371300FAD697 /* Sources */,
				5B6BF0E71E97371300FAD697 /* Frameworks */,
				5B6BF0E81E97371300FAD697 /* Resources */,
				5B6BF10F1E973AEC00FAD697 /* Embed Frameworks */,
			);
			buildRules = (
			);
			dependencies = (
			);
			name = RealmNew;
			productName = RealmNew;
			productReference = 5B6BF0EA1E97371300FAD697 /* RealmNew.app */;
			productType = "com.apple.product-type.application";
		};
/* End PBXNativeTarget section */

/* Begin PBXProject section */
		5B6BF0E21E97371300FAD697 /* Project object */ = {
			isa = PBXProject;
			attributes = {
				LastUpgradeCheck = 0830;
				ORGANIZATIONNAME = kkmac;
				TargetAttributes = {
					5B6BF0E91E97371300FAD697 = {
						CreatedOnToolsVersion = 8.3;
						DevelopmentTeam = HA5TWCEPGU;
						ProvisioningStyle = Automatic;
					};
				};
			};
			buildConfigurationList = 5B6BF0E51E97371300FAD697 /* Build configuration list for PBXProject "RealmNew" */;
			compatibilityVersion = "Xcode 3.2";
			developmentRegion = English;
			hasScannedForEncodings = 0;
			knownRegions = (
				en,
				Base,
			);
			mainGroup = 5B6BF0E11E97371300FAD697;
			productRefGroup = 5B6BF0EB1E97371300FAD697 /* Products */;
			projectDirPath = "";
			projectRoot = "";
			targets = (
				5B6BF0E91E97371300FAD697 /* RealmNew */,
			);
		};
/* End PBXProject section */

/* Begin PBXResourcesBuildPhase section */
		5B6BF0E81E97371300FAD697 /* Resources */ = {
			isa = PBXResourcesBuildPhase;
			buildActionMask = 2147483647;
			files = (
				5B6BF0FD1E97371300FAD697 /* LaunchScreen.storyboard in Resources */,
				5B6BF0FA1E97371300FAD697 /* Assets.xcassets in Resources */,
				5B6BF0F81E97371300FAD697 /* Main.storyboard in Resources */,
			);
			runOnlyForDeploymentPostprocessing = 0;
		};
/* End PBXResourcesBuildPhase section */

/* Begin PBXSourcesBuildPhase section */
		5B6BF0E61E97371300FAD697 /* Sources */ = {
			isa = PBXSourcesBuildPhase;
			buildActionMask = 2147483647;
			files = (
				5B6BF0F51E97371300FAD697 /* ViewController.m in Sources */,
				5B6BF0F21E97371300FAD697 /* AppDelegate.m in Sources */,
				5B6BF10C1E97379E00FAD697 /* Person.m in Sources */,
				5B6BF10B1E97379E00FAD697 /* Dog.m in Sources */,
				5B6BF0EF1E97371300FAD697 /* main.m in Sources */,
				5B6BF1121E9765EF00FAD697 /* KKBaseObject.m in Sources */,
			);
			runOnlyForDeploymentPostprocessing = 0;
		};
/* End PBXSourcesBuildPhase section */

/* Begin PBXVariantGroup section */
		5B6BF0F61E97371300FAD697 /* Main.storyboard */ = {
			isa = PBXVariantGroup;
			children = (
				5B6BF0F71E97371300FAD697 /* Base */,
			);
			name = Main.storyboard;
			sourceTree = "<group>";
		};
		5B6BF0FB1E97371300FAD697 /* LaunchScreen.storyboard */ = {
			isa = PBXVariantGroup;
			children = (
				5B6BF0FC1E97371300FAD697 /* Base */,
			);
			name = LaunchScreen.storyboard;
			sourceTree = "<group>";
		};
/* End PBXVariantGroup section */

/* Begin XCBuildConfiguration section */
		5B6BF0FF1E97371300FAD697 /* Debug */ = {
			isa = XCBuildConfiguration;
			buildSettings = {
				ALWAYS_SEARCH_USER_PATHS = NO;
				CLANG_ANALYZER_NONNULL = YES;
				CLANG_ANALYZER_NUMBER_OBJECT_CONVERSION = YES_AGGRESSIVE;
				CLANG_CXX_LANGUAGE_STANDARD = "gnu++0x";
				CLANG_CXX_LIBRARY = "libc++";
				CLANG_ENABLE_MODULES = YES;
				CLANG_ENABLE_OBJC_ARC = YES;
				CLANG_WARN_BOOL_CONVERSION = YES;
				CLANG_WARN_CONSTANT_CONVERSION = YES;
				CLANG_WARN_DIRECT_OBJC_ISA_USAGE = YES_ERROR;
				CLANG_WARN_DOCUMENTATION_COMMENTS = YES;
				CLANG_WARN_EMPTY_BODY = YES;
				CLANG_WARN_ENUM_CONVERSION = YES;
				CLANG_WARN_INFINITE_RECURSION = YES;
				CLANG_WARN_INT_CONVERSION = YES;
				CLANG_WARN_OBJC_ROOT_CLASS = YES_ERROR;
				CLANG_WARN_SUSPICIOUS_MOVE = YES;
				CLANG_WARN_UNREACHABLE_CODE = YES;
				CLANG_WARN__DUPLICATE_METHOD_MATCH = YES;
				"CODE_SIGN_IDENTITY[sdk=iphoneos*]" = "iPhone Developer";
				COPY_PHASE_STRIP = NO;
				DEBUG_INFORMATION_FORMAT = dwarf;
				ENABLE_STRICT_OBJC_MSGSEND = YES;
				ENABLE_TESTABILITY = YES;
				GCC_C_LANGUAGE_STANDARD = gnu99;
				GCC_DYNAMIC_NO_PIC = NO;
				GCC_NO_COMMON_BLOCKS = YES;
				GCC_OPTIMIZATION_LEVEL = 0;
				GCC_PREPROCESSOR_DEFINITIONS = (
					"DEBUG=1",
					"$(inherited)",
				);
				GCC_WARN_64_TO_32_BIT_CONVERSION = YES;
				GCC_WARN_ABOUT_RETURN_TYPE = YES_ERROR;
				GCC_WARN_UNDECLARED_SELECTOR = YES;
				GCC_WARN_UNINITIALIZED_AUTOS = YES_AGGRESSIVE;
				GCC_WARN_UNUSED_FUNCTION = YES;
				GCC_WARN_UNUSED_VARIABLE = YES;
				IPHONEOS_DEPLOYMENT_TARGET = 10.3;
				MTL_ENABLE_DEBUG_INFO = YES;
				ONLY_ACTIVE_ARCH = YES;
				SDKROOT = iphoneos;
				TARGETED_DEVICE_FAMILY = "1,2";
			};
			name = Debug;
		};
		5B6BF1001E97371300FAD697 /* Release */ = {
			isa = XCBuildConfiguration;
			buildSettings = {
				ALWAYS_SEARCH_USER_PATHS = NO;
				CLANG_ANALYZER_NONNULL = YES;
				CLANG_ANALYZER_NUMBER_OBJECT_CONVERSION = YES_AGGRESSIVE;
				CLANG_CXX_LANGUAGE_STANDARD = "gnu++0x";
				CLANG_CXX_LIBRARY = "libc++";
				CLANG_ENABLE_MODULES = YES;
				CLANG_ENABLE_OBJC_ARC = YES;
				CLANG_WARN_BOOL_CONVERSION = YES;
				CLANG_WARN_CONSTANT_CONVERSION = YES;
				CLANG_WARN_DIRECT_OBJC_ISA_USAGE = YES_ERROR;
				CLANG_WARN_DOCUMENTATION_COMMENTS = YES;
				CLANG_WARN_EMPTY_BODY = YES;
				CLANG_WARN_ENUM_CONVERSION = YES;
				CLANG_WARN_INFINITE_RECURSION = YES;
				CLANG_WARN_INT_CONVERSION = YES;
				CLANG_WARN_OBJC_ROOT_CLASS = YES_ERROR;
				CLANG_WARN_SUSPICIOUS_MOVE = YES;
				CLANG_WARN_UNREACHABLE_CODE = YES;
				CLANG_WARN__DUPLICATE_METHOD_MATCH = YES;
				"CODE_SIGN_IDENTITY[sdk=iphoneos*]" = "iPhone Developer";
				COPY_PHASE_STRIP = NO;
				DEBUG_INFORMATION_FORMAT = "dwarf-with-dsym";
				ENABLE_NS_ASSERTIONS = NO;
				ENABLE_STRICT_OBJC_MSGSEND = YES;
				GCC_C_LANGUAGE_STANDARD = gnu99;
				GCC_NO_COMMON_BLOCKS = YES;
				GCC_WARN_64_TO_32_BIT_CONVERSION = YES;
				GCC_WARN_ABOUT_RETURN_TYPE = YES_ERROR;
				GCC_WARN_UNDECLARED_SELECTOR = YES;
				GCC_WARN_UNINITIALIZED_AUTOS = YES_AGGRESSIVE;
				GCC_WARN_UNUSED_FUNCTION = YES;
				GCC_WARN_UNUSED_VARIABLE = YES;
				IPHONEOS_DEPLOYMENT_TARGET = 10.3;
				MTL_ENABLE_DEBUG_INFO = NO;
				SDKROOT = iphoneos;
				TARGETED_DEVICE_FAMILY = "1,2";
				VALIDATE_PRODUCT = YES;
			};
			name = Release;
		};
		5B6BF1021E97371300FAD697 /* Debug */ = {
			isa = XCBuildConfiguration;
			buildSettings = {
				ASSETCATALOG_COMPILER_APPICON_NAME = AppIcon;
				DEVELOPMENT_TEAM = HA5TWCEPGU;
				ENABLE_BITCODE = NO;
				FRAMEWORK_SEARCH_PATHS = (
					"$(inherited)",
					"$(PROJECT_DIR)/RealmNew/dynamic",
				);
				INFOPLIST_FILE = RealmNew/Info.plist;
				IPHONEOS_DEPLOYMENT_TARGET = 9.2;
				LD_RUNPATH_SEARCH_PATHS = "$(inherited) @executable_path/Frameworks";
				PRODUCT_BUNDLE_IDENTIFIER = com.kekang.RealmNew;
				PRODUCT_NAME = "$(TARGET_NAME)";
			};
			name = Debug;
		};
		5B6BF1031E97371300FAD697 /* Release */ = {
			isa = XCBuildConfiguration;
			buildSettings = {
				ASSETCATALOG_COMPILER_APPICON_NAME = AppIcon;
				DEVELOPMENT_TEAM = HA5TWCEPGU;
				ENABLE_BITCODE = NO;
				FRAMEWORK_SEARCH_PATHS = (
					"$(inherited)",
					"$(PROJECT_DIR)/RealmNew/dynamic",
				);
				INFOPLIST_FILE = RealmNew/Info.plist;
				IPHONEOS_DEPLOYMENT_TARGET = 9.2;
				LD_RUNPATH_SEARCH_PATHS = "$(inherited) @executable_path/Frameworks";
				PRODUCT_BUNDLE_IDENTIFIER = com.kekang.RealmNew;
				PRODUCT_NAME = "$(TARGET_NAME)";
			};
			name = Release;
		};
/* End XCBuildConfiguration section */

/* Begin XCConfigurationList section */
		5B6BF0E51E97371300FAD697 /* Build configuration list for PBXProject "RealmNew" */ = {
			isa = XCConfigurationList;
			buildConfigurations = (
				5B6BF0FF1E97371300FAD697 /* Debug */,
				5B6BF1001E97371300FAD697 /* Release */,
			);
			defaultConfigurationIsVisible = 0;
			defaultConfigurationName = Release;
		};
		5B6BF1011E97371300FAD697 /* Build configuration list for PBXNativeTarget "RealmNew" */ = {
			isa = XCConfigurationList;
			buildConfigurations = (
				5B6BF1021E97371300FAD697 /* Debug */,
				5B6BF1031E97371300FAD697 /* Release */,
			);
			defaultConfigurationIsVisible = 0;
			defaultConfigurationName = Release;
		};
/* End XCConfigurationList section */
	};
	rootObject = 5B6BF0E21E97371300FAD697 /* Project object */;
}
